<?xml version="1.0" encoding="utf-8"?>
<Project ToolsVersion="4.0" xmlns="http://schemas.microsoft.com/developer/msbuild/2003">
  <ItemGroup>
    <Filter Include="Исходные файлы">
      <UniqueIdentifier>{4FC737F1-C7A5-4376-A066-2A32D752A2FF}</UniqueIdentifier>
      <Extensions>cpp;c;cc;cxx;c++;cppm;ixx;def;odl;idl;hpj;bat;asm;asmx</Extensions>
    </Filter>
    <Filter Include="Файлы заголовков">
      <UniqueIdentifier>{93995380-89BD-4b04-88EB-625FBE52EBFB}</UniqueIdentifier>
      <Extensions>h;hh;hpp;hxx;h++;hm;inl;inc;ipp;xsd</Extensions>
    </Filter>
    <Filter Include="Файлы ресурсов">
      <UniqueIdentifier>{67DA6AB6-F800-4c08-8B7A-83BB121AAD01}</UniqueIdentifier>
      <Extensions>rc;ico;cur;bmp;dlg;rc2;rct;bin;rgs;gif;jpg;jpeg;jpe;resx;tiff;tif;png;wav;mfcribbon-ms</Extensions>
    </Filter>
    <Filter Include="Исходные файлы\Area2D">
      <UniqueIdentifier>{20b84f1c-0c75-43c3-94ca-a16185482071}</UniqueIdentifier>
    </Filter>
    <Filter Include="Исходные файлы\Area2D\Figure">
      <UniqueIdentifier>{8b72f3e0-c4fc-411f-a900-e9e473a8a495}</UniqueIdentifier>
    </Filter>
    <Filter Include="Исходные файлы\Area2D\Figure\Polygon">
      <UniqueIdentifier>{1e88a5c6-279b-4d49-9688-0d1b6bf49964}</UniqueIdentifier>
    </Filter>
    <Filter Include="Исходные файлы\Area2D\Figure\Oval">
      <UniqueIdentifier>{b7c75556-f0e8-45af-9a7e-40a3bf6c1a6d}</UniqueIdentifier>
    </Filter>
    <Filter Include="Файлы заголовков\Figure">
      <UniqueIdentifier>{1179875b-d2f3-4f09-a9af-4810ea724f50}</UniqueIdentifier>
    </Filter>
    <Filter Include="Файлы заголовков\Figure\Polygon">
      <UniqueIdentifier>{bd3fdf86-2364-4ab9-af8f-2a47b5995601}</UniqueIdentifier>
    </Filter>
    <Filter Include="Файлы заголовков\Figure\Oval">
      <UniqueIdentifier>{06547cd9-4f9c-408e-8609-4f3430a2c1ad}</UniqueIdentifier>
    </Filter>
    <Filter Include="Файлы заголовков\Constant">
      <UniqueIdentifier>{ce5d8dd1-c69d-47f4-92e1-689544b6c40f}</UniqueIdentifier>
    </Filter>
  </ItemGroup>
  <ItemGroup>
    <ClCompile Include="2d-figures.cpp">
      <Filter>Исходные файлы</Filter>
    </ClCompile>
    <ClCompile Include="Coords.cpp">
      <Filter>Исходные файлы</Filter>
    </ClCompile>
    <ClCompile Include="Oval.cpp">
      <Filter>Исходные файлы\Area2D\Figure\Oval</Filter>
    </ClCompile>
    <ClCompile Include="Triangle.cpp">
      <Filter>Исходные файлы\Area2D\Figure\Polygon</Filter>
    </ClCompile>
    <ClCompile Include="Polygon.cpp">
      <Filter>Исходные файлы\Area2D\Figure\Polygon</Filter>
    </ClCompile>
    <ClCompile Include="Ellipse.cpp">
      <Filter>Исходные файлы\Area2D\Figure\Oval</Filter>
    </ClCompile>
    <ClCompile Include="Circle.cpp">
      <Filter>Исходные файлы\Area2D\Figure\Oval</Filter>
    </ClCompile>
    <ClCompile Include="Sector.cpp">
      <Filter>Исходные файлы\Area2D\Figure\Oval</Filter>
    </ClCompile>
    <ClCompile Include="Figure.cpp">
      <Filter>Исходные файлы\Area2D\Figure</Filter>
    </ClCompile>
    <ClCompile Include="Quadrilateral.cpp">
      <Filter>Исходные файлы\Area2D\Figure\Polygon</Filter>
    </ClCompile>
    <ClCompile Include="Ngon.cpp">
      <Filter>Исходные файлы\Area2D\Figure\Polygon</Filter>
    </ClCompile>
    <ClCompile Include="Canvas.cpp">
      <Filter>Исходные файлы</Filter>
    </ClCompile>
    <ClCompile Include="CircleSector.cpp">
      <Filter>Исходные файлы\Area2D\Figure\Oval</Filter>
    </ClCompile>
    <ClCompile Include="EllipseSector.cpp">
      <Filter>Исходные файлы\Area2D\Figure\Oval</Filter>
    </ClCompile>
  </ItemGroup>
  <ItemGroup>
    <ClInclude Include="Canvas.h">
      <Filter>Файлы заголовков</Filter>
    </ClInclude>
    <ClInclude Include="Coords.h">
      <Filter>Файлы заголовков</Filter>
    </ClInclude>
    <ClInclude Include="Oval.h">
      <Filter>Файлы заголовков\Figure\Oval</Filter>
    </ClInclude>
    <ClInclude Include="Polygon.h">
      <Filter>Файлы заголовков\Figure\Polygon</Filter>
    </ClInclude>
    <ClInclude Include="Triangle.h">
      <Filter>Файлы заголовков\Figure\Polygon</Filter>
    </ClInclude>
    <ClInclude Include="Ellipse.h">
      <Filter>Файлы заголовков\Figure\Oval</Filter>
    </ClInclude>
    <ClInclude Include="Circle.h">
      <Filter>Файлы заголовков\Figure\Oval</Filter>
    </ClInclude>
    <ClInclude Include="Sector.h">
      <Filter>Файлы заголовков\Figure\Oval</Filter>
    </ClInclude>
    <ClInclude Include="Area2D.h">
      <Filter>Файлы заголовков</Filter>
    </ClInclude>
    <ClInclude Include="Figure.h">
      <Filter>Файлы заголовков\Figure</Filter>
    </ClInclude>
    <ClInclude Include="Quadrilateral.h">
      <Filter>Файлы заголовков\Figure\Polygon</Filter>
    </ClInclude>
    <ClInclude Include="Ngon.h">
      <Filter>Файлы заголовков\Figure\Polygon</Filter>
    </ClInclude>
    <ClInclude Include="Error.h">
      <Filter>Файлы заголовков\Constant</Filter>
    </ClInclude>
    <ClInclude Include="Message.h">
      <Filter>Файлы заголовков\Constant</Filter>
    </ClInclude>
    <ClInclude Include="Numberic.h">
      <Filter>Файлы заголовков\Constant</Filter>
    </ClInclude>
    <ClInclude Include="CircleSector.h">
      <Filter>Файлы заголовков\Figure\Oval</Filter>
    </ClInclude>
    <ClInclude Include="EllipseSector.h">
      <Filter>Файлы заголовков\Figure\Oval</Filter>
    </ClInclude>
  </ItemGroup>
</Project>